
Microsoft Visual Studio Solution File, Format Version 12.00
# Visual Studio Version 17
VisualStudioVersion = 17.12.35707.178 d17.12
MinimumVisualStudioVersion = 10.0.40219.1
Project("{FAE04EC0-301F-11D3-BF4B-00C04F79EFBC}") = "E.EN", "E.EN\E.EN.csproj", "{1E049195-9755-40B1-870C-8E6EEA2712A3}"
EndProject
Project("{FAE04EC0-301F-11D3-BF4B-00C04F79EFBC}") = "E.DAL", "E.DAL\E.DAL.csproj", "{0117559F-F6BB-41A4-A291-21A14644D3AA}"
EndProject
Project("{FAE04EC0-301F-11D3-BF4B-00C04F79EFBC}") = "E.BL", "E.BL\E.BL.csproj", "{201694CF-B9BE-4552-80DF-047CFE38B8BC}"
	ProjectSection(ProjectDependencies) = postProject
		{0117559F-F6BB-41A4-A291-21A14644D3AA} = {0117559F-F6BB-41A4-A291-21A14644D3AA}
		{1E049195-9755-40B1-870C-8E6EEA2712A3} = {1E049195-9755-40B1-870C-8E6EEA2712A3}
	EndProjectSection
EndProject
Project("{FAE04EC0-301F-11D3-BF4B-00C04F79EFBC}") = "E.WEB", "E.WEB\E.WEB.csproj", "{4A68E6FA-F4DA-480B-A127-BD3E5516684D}"
EndProject
Global
	GlobalSection(SolutionConfigurationPlatforms) = preSolution
		Debug|Any CPU = Debug|Any CPU
		Release|Any CPU = Release|Any CPU
	EndGlobalSection
	GlobalSection(ProjectConfigurationPlatforms) = postSolution
		{1E049195-9755-40B1-870C-8E6EEA2712A3}.Debug|Any CPU.ActiveCfg = Debug|Any CPU
		{1E049195-9755-40B1-870C-8E6EEA2712A3}.Debug|Any CPU.Build.0 = Debug|Any CPU
		{1E049195-9755-40B1-870C-8E6EEA2712A3}.Release|Any CPU.ActiveCfg = Release|Any CPU
		{1E049195-9755-40B1-870C-8E6EEA2712A3}.Release|Any CPU.Build.0 = Release|Any CPU
		{0117559F-F6BB-41A4-A291-21A14644D3AA}.Debug|Any CPU.ActiveCfg = Debug|Any CPU
		{0117559F-F6BB-41A4-A291-21A14644D3AA}.Debug|Any CPU.Build.0 = Debug|Any CPU
		{0117559F-F6BB-41A4-A291-21A14644D3AA}.Release|Any CPU.ActiveCfg = Release|Any CPU
		{0117559F-F6BB-41A4-A291-21A14644D3AA}.Release|Any CPU.Build.0 = Release|Any CPU
		{201694CF-B9BE-4552-80DF-047CFE38B8BC}.Debug|Any CPU.ActiveCfg = Debug|Any CPU
		{201694CF-B9BE-4552-80DF-047CFE38B8BC}.Debug|Any CPU.Build.0 = Debug|Any CPU
		{201694CF-B9BE-4552-80DF-047CFE38B8BC}.Release|Any CPU.ActiveCfg = Release|Any CPU
		{201694CF-B9BE-4552-80DF-047CFE38B8BC}.Release|Any CPU.Build.0 = Release|Any CPU
		{4A68E6FA-F4DA-480B-A127-BD3E5516684D}.Debug|Any CPU.ActiveCfg = Debug|Any CPU
		{4A68E6FA-F4DA-480B-A127-BD3E5516684D}.Debug|Any CPU.Build.0 = Debug|Any CPU
		{4A68E6FA-F4DA-480B-A127-BD3E5516684D}.Release|Any CPU.ActiveCfg = Release|Any CPU
		{4A68E6FA-F4DA-480B-A127-BD3E5516684D}.Release|Any CPU.Build.0 = Release|Any CPU
	EndGlobalSection
	GlobalSection(SolutionProperties) = preSolution
		HideSolutionNode = FALSE
	EndGlobalSection
EndGlobal
